
Microsoft Visual Studio Solution File, Format Version 11.00
# Visual Studio 2010
Project("{FAE04EC0-301F-11D3-BF4B-00C04F79EFBC}") = "SQLQuerierAddIn", "SQLQuerierAddIn.csproj", "{595AB05F-FBD7-4383-BF83-1A063F8349DF}"
EndProject
Global
	GlobalSection(SolutionConfigurationPlatforms) = preSolution
		Debug|Any CPU = Debug|Any CPU
		Release|Any CPU = Release|Any CPU
	EndGlobalSection
	GlobalSection(ProjectConfigurationPlatforms) = postSolution
		{595AB05F-FBD7-4383-BF83-1A063F8349DF}.Debug|Any CPU.ActiveCfg = Debug|Any CPU
		{595AB05F-FBD7-4383-BF83-1A063F8349DF}.Debug|Any CPU.Build.0 = Debug|Any CPU
		{595AB05F-FBD7-4383-BF83-1A063F8349DF}.Release|Any CPU.ActiveCfg = Release|Any CPU
		{595AB05F-FBD7-4383-BF83-1A063F8349DF}.Release|Any CPU.Build.0 = Release|Any CPU
	EndGlobalSection
	GlobalSection(SolutionProperties) = preSolution
		HideSolutionNode = FALSE
	EndGlobalSection
EndGlobal
